
Microsoft Visual Studio Solution File, Format Version 12.00
# Visual Studio 15
VisualStudioVersion = 15.0.28307.572
MinimumVisualStudioVersion = 10.0.40219.1
Project("{FAE04EC0-301F-11D3-BF4B-00C04F79EFBC}") = "JDCrawler.Core", "JDCrawler.Core\JDCrawler.Core.csproj", "{B3EF272E-937F-4E0D-87F6-AC89D2486B80}"
EndProject
Global
	GlobalSection(SolutionConfigurationPlatforms) = preSolution
		Debug|Any CPU = Debug|Any CPU
		Release|Any CPU = Release|Any CPU
	EndGlobalSection
	GlobalSection(ProjectConfigurationPlatforms) = postSolution
		{B3EF272E-937F-4E0D-87F6-AC89D2486B80}.Debug|Any CPU.ActiveCfg = Debug|Any CPU
		{B3EF272E-937F-4E0D-87F6-AC89D2486B80}.Debug|Any CPU.Build.0 = Debug|Any CPU
		{B3EF272E-937F-4E0D-87F6-AC89D2486B80}.Release|Any CPU.ActiveCfg = Release|Any CPU
		{B3EF272E-937F-4E0D-87F6-AC89D2486B80}.Release|Any CPU.Build.0 = Release|Any CPU
	EndGlobalSection
	GlobalSection(SolutionProperties) = preSolution
		HideSolutionNode = FALSE
	EndGlobalSection
	GlobalSection(ExtensibilityGlobals) = postSolution
		SolutionGuid = {953DEC0E-8F6F-4BB4-A242-A332A7417940}
	EndGlobalSection
EndGlobal
